// !$*UTF8*$!
{
	archiveVersion = 1;
	classes = {
	};
	objectVersion = 50;
	objects = {

/* Begin PBXBuildFile section */
		6D6FE93B236B7A3C002EF216 /* unagiLexer.swift in Sources */ = {isa = PBXBuildFile; fileRef = 6D6FE931236B7A3C002EF216 /* unagiLexer.swift */; };
		6D6FE93C236B7A3C002EF216 /* unagiLexerATN.swift in Sources */ = {isa = PBXBuildFile; fileRef = 6D6FE932236B7A3C002EF216 /* unagiLexerATN.swift */; };
		6D6FE93D236B7A3C002EF216 /* unagiBaseListener.swift in Sources */ = {isa = PBXBuildFile; fileRef = 6D6FE936236B7A3C002EF216 /* unagiBaseListener.swift */; };
		6D6FE93E236B7A3C002EF216 /* unagiParserATN.swift in Sources */ = {isa = PBXBuildFile; fileRef = 6D6FE937236B7A3C002EF216 /* unagiParserATN.swift */; };
		6D6FE93F236B7A3C002EF216 /* unagiParser.swift in Sources */ = {isa = PBXBuildFile; fileRef = 6D6FE938236B7A3C002EF216 /* unagiParser.swift */; };
		6D6FE940236B7A3C002EF216 /* unagiListener.swift in Sources */ = {isa = PBXBuildFile; fileRef = 6D6FE93A236B7A3C002EF216 /* unagiListener.swift */; };
		6D6FE94E236B7B1A002EF216 /* Antlr4.framework in Frameworks */ = {isa = PBXBuildFile; fileRef = 6D6FE949236B7ACC002EF216 /* Antlr4.framework */; };
		6DA74DD3234456FC0016EA49 /* main.swift in Sources */ = {isa = PBXBuildFile; fileRef = 6DA74DD2234456FC0016EA49 /* main.swift */; };
		C2487A372360C35100CED702 /* Types.swift in Sources */ = {isa = PBXBuildFile; fileRef = C2487A322360C35100CED702 /* Types.swift */; };
		C2487A382360C35100CED702 /* Var.swift in Sources */ = {isa = PBXBuildFile; fileRef = C2487A332360C35100CED702 /* Var.swift */; };
		C2487A392360C35100CED702 /* SemanticCube.swift in Sources */ = {isa = PBXBuildFile; fileRef = C2487A342360C35100CED702 /* SemanticCube.swift */; };
		C2487A3A2360C35100CED702 /* VarTable.swift in Sources */ = {isa = PBXBuildFile; fileRef = C2487A352360C35100CED702 /* VarTable.swift */; };
		C2487A3B2360C35100CED702 /* Function.swift in Sources */ = {isa = PBXBuildFile; fileRef = C2487A362360C35100CED702 /* Function.swift */; };
		C2CF2EC62370A813005A88A8 /* Quadruple.swift in Sources */ = {isa = PBXBuildFile; fileRef = C2CF2EC52370A813005A88A8 /* Quadruple.swift */; };
		C2CF2ECF2370B578005A88A8 /* Memory.swift in Sources */ = {isa = PBXBuildFile; fileRef = C2CF2ECE2370B578005A88A8 /* Memory.swift */; };
/* End PBXBuildFile section */

/* Begin PBXContainerItemProxy section */
		6D6FE948236B7ACC002EF216 /* PBXContainerItemProxy */ = {
			isa = PBXContainerItemProxy;
			containerPortal = 6D6FE941236B7ACC002EF216 /* Antlr4.xcodeproj */;
			proxyType = 2;
			remoteGlobalIDString = "Antlr4::Antlr4::Product";
			remoteInfo = Antlr4;
		};
		6D6FE94A236B7ACC002EF216 /* PBXContainerItemProxy */ = {
			isa = PBXContainerItemProxy;
			containerPortal = 6D6FE941236B7ACC002EF216 /* Antlr4.xcodeproj */;
			proxyType = 2;
			remoteGlobalIDString = "Antlr4::Antlr4Tests::Product";
			remoteInfo = Antlr4Tests;
		};
		6D6FE94C236B7B07002EF216 /* PBXContainerItemProxy */ = {
			isa = PBXContainerItemProxy;
			containerPortal = 6D6FE941236B7ACC002EF216 /* Antlr4.xcodeproj */;
			proxyType = 1;
			remoteGlobalIDString = "Antlr4::Antlr4";
			remoteInfo = Antlr4;
		};
/* End PBXContainerItemProxy section */

/* Begin PBXCopyFilesBuildPhase section */
		6DA74DCD234456FC0016EA49 /* CopyFiles */ = {
			isa = PBXCopyFilesBuildPhase;
			buildActionMask = 2147483647;
			dstPath = /usr/share/man/man1/;
			dstSubfolderSpec = 0;
			files = (
			);
			runOnlyForDeploymentPostprocessing = 1;
		};
/* End PBXCopyFilesBuildPhase section */

/* Begin PBXFileReference section */
		6D6FE931236B7A3C002EF216 /* unagiLexer.swift */ = {isa = PBXFileReference; fileEncoding = 4; lastKnownFileType = sourcecode.swift; path = unagiLexer.swift; sourceTree = "<group>"; };
		6D6FE932236B7A3C002EF216 /* unagiLexerATN.swift */ = {isa = PBXFileReference; fileEncoding = 4; lastKnownFileType = sourcecode.swift; path = unagiLexerATN.swift; sourceTree = "<group>"; };
		6D6FE933236B7A3C002EF216 /* unagiLexer.interp */ = {isa = PBXFileReference; fileEncoding = 4; lastKnownFileType = text; path = unagiLexer.interp; sourceTree = "<group>"; };
		6D6FE934236B7A3C002EF216 /* unagiLexer.tokens */ = {isa = PBXFileReference; fileEncoding = 4; lastKnownFileType = text; path = unagiLexer.tokens; sourceTree = "<group>"; };
		6D6FE935236B7A3C002EF216 /* unagi.interp */ = {isa = PBXFileReference; fileEncoding = 4; lastKnownFileType = text; path = unagi.interp; sourceTree = "<group>"; };
		6D6FE936236B7A3C002EF216 /* unagiBaseListener.swift */ = {isa = PBXFileReference; fileEncoding = 4; lastKnownFileType = sourcecode.swift; path = unagiBaseListener.swift; sourceTree = "<group>"; };
		6D6FE937236B7A3C002EF216 /* unagiParserATN.swift */ = {isa = PBXFileReference; fileEncoding = 4; lastKnownFileType = sourcecode.swift; path = unagiParserATN.swift; sourceTree = "<group>"; };
		6D6FE938236B7A3C002EF216 /* unagiParser.swift */ = {isa = PBXFileReference; fileEncoding = 4; lastKnownFileType = sourcecode.swift; path = unagiParser.swift; sourceTree = "<group>"; };
		6D6FE939236B7A3C002EF216 /* unagi.tokens */ = {isa = PBXFileReference; fileEncoding = 4; lastKnownFileType = text; path = unagi.tokens; sourceTree = "<group>"; };
		6D6FE93A236B7A3C002EF216 /* unagiListener.swift */ = {isa = PBXFileReference; fileEncoding = 4; lastKnownFileType = sourcecode.swift; path = unagiListener.swift; sourceTree = "<group>"; };
		6D6FE941236B7ACC002EF216 /* Antlr4.xcodeproj */ = {isa = PBXFileReference; lastKnownFileType = "wrapper.pb-project"; name = Antlr4.xcodeproj; path = ../antlr4/runtime/Swift/Antlr4.xcodeproj; sourceTree = "<group>"; };
		6DA74DCF234456FC0016EA49 /* unagi */ = {isa = PBXFileReference; explicitFileType = "compiled.mach-o.executable"; includeInIndex = 0; path = unagi; sourceTree = BUILT_PRODUCTS_DIR; };
		6DA74DD2234456FC0016EA49 /* main.swift */ = {isa = PBXFileReference; lastKnownFileType = sourcecode.swift; path = main.swift; sourceTree = "<group>"; };
		6DD9BA91234C1B96000D07D0 /* unagi.g4 */ = {isa = PBXFileReference; lastKnownFileType = text; path = unagi.g4; sourceTree = "<group>"; };
		C2487A322360C35100CED702 /* Types.swift */ = {isa = PBXFileReference; fileEncoding = 4; lastKnownFileType = sourcecode.swift; path = Types.swift; sourceTree = "<group>"; };
		C2487A332360C35100CED702 /* Var.swift */ = {isa = PBXFileReference; fileEncoding = 4; lastKnownFileType = sourcecode.swift; path = Var.swift; sourceTree = "<group>"; };
		C2487A342360C35100CED702 /* SemanticCube.swift */ = {isa = PBXFileReference; fileEncoding = 4; lastKnownFileType = sourcecode.swift; path = SemanticCube.swift; sourceTree = "<group>"; };
		C2487A352360C35100CED702 /* VarTable.swift */ = {isa = PBXFileReference; fileEncoding = 4; lastKnownFileType = sourcecode.swift; path = VarTable.swift; sourceTree = "<group>"; };
		C2487A362360C35100CED702 /* Function.swift */ = {isa = PBXFileReference; fileEncoding = 4; lastKnownFileType = sourcecode.swift; path = Function.swift; sourceTree = "<group>"; };
		C2CF2EC52370A813005A88A8 /* Quadruple.swift */ = {isa = PBXFileReference; fileEncoding = 4; lastKnownFileType = sourcecode.swift; path = Quadruple.swift; sourceTree = "<group>"; };
		C2CF2ECE2370B578005A88A8 /* Memory.swift */ = {isa = PBXFileReference; fileEncoding = 4; lastKnownFileType = sourcecode.swift; path = Memory.swift; sourceTree = "<group>"; };
/* End PBXFileReference section */

/* Begin PBXFrameworksBuildPhase section */
		6DA74DCC234456FC0016EA49 /* Frameworks */ = {
			isa = PBXFrameworksBuildPhase;
			buildActionMask = 2147483647;
			files = (
				6D6FE94E236B7B1A002EF216 /* Antlr4.framework in Frameworks */,
			);
			runOnlyForDeploymentPostprocessing = 0;
		};
/* End PBXFrameworksBuildPhase section */

/* Begin PBXGroup section */
		6D6FE942236B7ACC002EF216 /* Products */ = {
			isa = PBXGroup;
			children = (
				6D6FE949236B7ACC002EF216 /* Antlr4.framework */,
				6D6FE94B236B7ACC002EF216 /* Antlr4Tests.xctest */,
			);
			name = Products;
			sourceTree = "<group>";
		};
		6DA74DC6234456FC0016EA49 = {
			isa = PBXGroup;
			children = (
				6D6FE941236B7ACC002EF216 /* Antlr4.xcodeproj */,
				6DA74DD1234456FC0016EA49 /* unagi */,
				6DA74DD0234456FC0016EA49 /* Products */,
				6DA74DE8234457B40016EA49 /* Frameworks */,
			);
			sourceTree = "<group>";
		};
		6DA74DD0234456FC0016EA49 /* Products */ = {
			isa = PBXGroup;
			children = (
				6DA74DCF234456FC0016EA49 /* unagi */,
			);
			name = Products;
			sourceTree = "<group>";
		};
		6DA74DD1234456FC0016EA49 /* unagi */ = {
			isa = PBXGroup;
			children = (
				6DD9BA91234C1B96000D07D0 /* unagi.g4 */,
				6DD9BA7C234C19E2000D07D0 /* Compiler */,
				6DA74DD2234456FC0016EA49 /* main.swift */,
			);
			path = unagi;
			sourceTree = "<group>";
		};
		6DA74DE8234457B40016EA49 /* Frameworks */ = {
			isa = PBXGroup;
			children = (
			);
			name = Frameworks;
			sourceTree = "<group>";
		};
		6DD9BA7C234C19E2000D07D0 /* Compiler */ = {
			isa = PBXGroup;
			children = (
				C2CF2ECE2370B578005A88A8 /* Memory.swift */,
				C2CF2EC52370A813005A88A8 /* Quadruple.swift */,
				6D6FE935236B7A3C002EF216 /* unagi.interp */,
				6D6FE939236B7A3C002EF216 /* unagi.tokens */,
				6D6FE936236B7A3C002EF216 /* unagiBaseListener.swift */,
				6D6FE933236B7A3C002EF216 /* unagiLexer.interp */,
				6D6FE931236B7A3C002EF216 /* unagiLexer.swift */,
				6D6FE934236B7A3C002EF216 /* unagiLexer.tokens */,
				6D6FE932236B7A3C002EF216 /* unagiLexerATN.swift */,
				6D6FE93A236B7A3C002EF216 /* unagiListener.swift */,
				6D6FE938236B7A3C002EF216 /* unagiParser.swift */,
				6D6FE937236B7A3C002EF216 /* unagiParserATN.swift */,
				C2487A362360C35100CED702 /* Function.swift */,
				C2487A342360C35100CED702 /* SemanticCube.swift */,
				C2487A322360C35100CED702 /* Types.swift */,
				C2487A332360C35100CED702 /* Var.swift */,
				C2487A352360C35100CED702 /* VarTable.swift */,
			);
			path = Compiler;
			sourceTree = "<group>";
		};
/* End PBXGroup section */

/* Begin PBXNativeTarget section */
		6DA74DCE234456FC0016EA49 /* unagi */ = {
			isa = PBXNativeTarget;
			buildConfigurationList = 6DA74DD6234456FC0016EA49 /* Build configuration list for PBXNativeTarget "unagi" */;
			buildPhases = (
				6DA74DCB234456FC0016EA49 /* Sources */,
				6DA74DCC234456FC0016EA49 /* Frameworks */,
				6DA74DCD234456FC0016EA49 /* CopyFiles */,
			);
			buildRules = (
			);
			dependencies = (
				6D6FE94D236B7B07002EF216 /* PBXTargetDependency */,
			);
			name = unagi;
			productName = unagi;
			productReference = 6DA74DCF234456FC0016EA49 /* unagi */;
			productType = "com.apple.product-type.tool";
		};
/* End PBXNativeTarget section */

/* Begin PBXProject section */
		6DA74DC7234456FC0016EA49 /* Project object */ = {
			isa = PBXProject;
			attributes = {
				LastSwiftUpdateCheck = 1030;
				LastUpgradeCheck = 1030;
				ORGANIZATIONNAME = "Andrés Tamez";
				TargetAttributes = {
					6DA74DCE234456FC0016EA49 = {
						CreatedOnToolsVersion = 10.3;
					};
				};
			};
			buildConfigurationList = 6DA74DCA234456FC0016EA49 /* Build configuration list for PBXProject "unagi" */;
			compatibilityVersion = "Xcode 9.3";
			developmentRegion = en;
			hasScannedForEncodings = 0;
			knownRegions = (
				en,
			);
			mainGroup = 6DA74DC6234456FC0016EA49;
			productRefGroup = 6DA74DD0234456FC0016EA49 /* Products */;
			projectDirPath = "";
			projectReferences = (
				{
					ProductGroup = 6D6FE942236B7ACC002EF216 /* Products */;
					ProjectRef = 6D6FE941236B7ACC002EF216 /* Antlr4.xcodeproj */;
				},
			);
			projectRoot = "";
			targets = (
				6DA74DCE234456FC0016EA49 /* unagi */,
			);
		};
/* End PBXProject section */

/* Begin PBXReferenceProxy section */
		6D6FE949236B7ACC002EF216 /* Antlr4.framework */ = {
			isa = PBXReferenceProxy;
			fileType = wrapper.framework;
			path = Antlr4.framework;
			remoteRef = 6D6FE948236B7ACC002EF216 /* PBXContainerItemProxy */;
			sourceTree = BUILT_PRODUCTS_DIR;
		};
		6D6FE94B236B7ACC002EF216 /* Antlr4Tests.xctest */ = {
			isa = PBXReferenceProxy;
			fileType = file;
			path = Antlr4Tests.xctest;
			remoteRef = 6D6FE94A236B7ACC002EF216 /* PBXContainerItemProxy */;
			sourceTree = BUILT_PRODUCTS_DIR;
		};
/* End PBXReferenceProxy section */

/* Begin PBXSourcesBuildPhase section */
		6DA74DCB234456FC0016EA49 /* Sources */ = {
			isa = PBXSourcesBuildPhase;
			buildActionMask = 2147483647;
			files = (
				6D6FE940236B7A3C002EF216 /* unagiListener.swift in Sources */,
				C2487A3A2360C35100CED702 /* VarTable.swift in Sources */,
				C2487A3B2360C35100CED702 /* Function.swift in Sources */,
				C2CF2EC62370A813005A88A8 /* Quadruple.swift in Sources */,
				C2487A392360C35100CED702 /* SemanticCube.swift in Sources */,
				C2487A382360C35100CED702 /* Var.swift in Sources */,
				6D6FE93B236B7A3C002EF216 /* unagiLexer.swift in Sources */,
				6D6FE93C236B7A3C002EF216 /* unagiLexerATN.swift in Sources */,
				6D6FE93D236B7A3C002EF216 /* unagiBaseListener.swift in Sources */,
				6DA74DD3234456FC0016EA49 /* main.swift in Sources */,
				C2CF2ECF2370B578005A88A8 /* Memory.swift in Sources */,
				C2487A372360C35100CED702 /* Types.swift in Sources */,
				6D6FE93F236B7A3C002EF216 /* unagiParser.swift in Sources */,
				6D6FE93E236B7A3C002EF216 /* unagiParserATN.swift in Sources */,
			);
			runOnlyForDeploymentPostprocessing = 0;
		};
/* End PBXSourcesBuildPhase section */

/* Begin PBXTargetDependency section */
		6D6FE94D236B7B07002EF216 /* PBXTargetDependency */ = {
			isa = PBXTargetDependency;
			name = Antlr4;
			targetProxy = 6D6FE94C236B7B07002EF216 /* PBXContainerItemProxy */;
		};
/* End PBXTargetDependency section */

/* Begin XCBuildConfiguration section */
		6DA74DD4234456FC0016EA49 /* Debug */ = {
			isa = XCBuildConfiguration;
			buildSettings = {
				ALWAYS_SEARCH_USER_PATHS = NO;
				CLANG_ANALYZER_NONNULL = YES;
				CLANG_ANALYZER_NUMBER_OBJECT_CONVERSION = YES_AGGRESSIVE;
				CLANG_CXX_LANGUAGE_STANDARD = "gnu++14";
				CLANG_CXX_LIBRARY = "libc++";
				CLANG_ENABLE_MODULES = YES;
				CLANG_ENABLE_OBJC_ARC = YES;
				CLANG_ENABLE_OBJC_WEAK = YES;
				CLANG_WARN_BLOCK_CAPTURE_AUTORELEASING = YES;
				CLANG_WARN_BOOL_CONVERSION = YES;
				CLANG_WARN_COMMA = YES;
				CLANG_WARN_CONSTANT_CONVERSION = YES;
				CLANG_WARN_DEPRECATED_OBJC_IMPLEMENTATIONS = YES;
				CLANG_WARN_DIRECT_OBJC_ISA_USAGE = YES_ERROR;
				CLANG_WARN_DOCUMENTATION_COMMENTS = YES;
				CLANG_WARN_EMPTY_BODY = YES;
				CLANG_WARN_ENUM_CONVERSION = YES;
				CLANG_WARN_INFINITE_RECURSION = YES;
				CLANG_WARN_INT_CONVERSION = YES;
				CLANG_WARN_NON_LITERAL_NULL_CONVERSION = YES;
				CLANG_WARN_OBJC_IMPLICIT_RETAIN_SELF = YES;
				CLANG_WARN_OBJC_LITERAL_CONVERSION = YES;
				CLANG_WARN_OBJC_ROOT_CLASS = YES_ERROR;
				CLANG_WARN_RANGE_LOOP_ANALYSIS = YES;
				CLANG_WARN_STRICT_PROTOTYPES = YES;
				CLANG_WARN_SUSPICIOUS_MOVE = YES;
				CLANG_WARN_UNGUARDED_AVAILABILITY = YES_AGGRESSIVE;
				CLANG_WARN_UNREACHABLE_CODE = YES;
				CLANG_WARN__DUPLICATE_METHOD_MATCH = YES;
				CODE_SIGN_IDENTITY = "-";
				COPY_PHASE_STRIP = NO;
				DEBUG_INFORMATION_FORMAT = dwarf;
				ENABLE_STRICT_OBJC_MSGSEND = YES;
				ENABLE_TESTABILITY = YES;
				GCC_C_LANGUAGE_STANDARD = gnu11;
				GCC_DYNAMIC_NO_PIC = NO;
				GCC_NO_COMMON_BLOCKS = YES;
				GCC_OPTIMIZATION_LEVEL = 0;
				GCC_PREPROCESSOR_DEFINITIONS = (
					"DEBUG=1",
					"$(inherited)",
				);
				GCC_WARN_64_TO_32_BIT_CONVERSION = YES;
				GCC_WARN_ABOUT_RETURN_TYPE = YES_ERROR;
				GCC_WARN_UNDECLARED_SELECTOR = YES;
				GCC_WARN_UNINITIALIZED_AUTOS = YES_AGGRESSIVE;
				GCC_WARN_UNUSED_FUNCTION = YES;
				GCC_WARN_UNUSED_VARIABLE = YES;
				MACOSX_DEPLOYMENT_TARGET = 10.14;
				MTL_ENABLE_DEBUG_INFO = INCLUDE_SOURCE;
				MTL_FAST_MATH = YES;
				ONLY_ACTIVE_ARCH = YES;
				SDKROOT = macosx;
				SWIFT_ACTIVE_COMPILATION_CONDITIONS = DEBUG;
				SWIFT_OPTIMIZATION_LEVEL = "-Onone";
			};
			name = Debug;
		};
		6DA74DD5234456FC0016EA49 /* Release */ = {
			isa = XCBuildConfiguration;
			buildSettings = {
				ALWAYS_SEARCH_USER_PATHS = NO;
				CLANG_ANALYZER_NONNULL = YES;
				CLANG_ANALYZER_NUMBER_OBJECT_CONVERSION = YES_AGGRESSIVE;
				CLANG_CXX_LANGUAGE_STANDARD = "gnu++14";
				CLANG_CXX_LIBRARY = "libc++";
				CLANG_ENABLE_MODULES = YES;
				CLANG_ENABLE_OBJC_ARC = YES;
				CLANG_ENABLE_OBJC_WEAK = YES;
				CLANG_WARN_BLOCK_CAPTURE_AUTORELEASING = YES;
				CLANG_WARN_BOOL_CONVERSION = YES;
				CLANG_WARN_COMMA = YES;
				CLANG_WARN_CONSTANT_CONVERSION = YES;
				CLANG_WARN_DEPRECATED_OBJC_IMPLEMENTATIONS = YES;
				CLANG_WARN_DIRECT_OBJC_ISA_USAGE = YES_ERROR;
				CLANG_WARN_DOCUMENTATION_COMMENTS = YES;
				CLANG_WARN_EMPTY_BODY = YES;
				CLANG_WARN_ENUM_CONVERSION = YES;
				CLANG_WARN_INFINITE_RECURSION = YES;
				CLANG_WARN_INT_CONVERSION = YES;
				CLANG_WARN_NON_LITERAL_NULL_CONVERSION = YES;
				CLANG_WARN_OBJC_IMPLICIT_RETAIN_SELF = YES;
				CLANG_WARN_OBJC_LITERAL_CONVERSION = YES;
				CLANG_WARN_OBJC_ROOT_CLASS = YES_ERROR;
				CLANG_WARN_RANGE_LOOP_ANALYSIS = YES;
				CLANG_WARN_STRICT_PROTOTYPES = YES;
				CLANG_WARN_SUSPICIOUS_MOVE = YES;
				CLANG_WARN_UNGUARDED_AVAILABILITY = YES_AGGRESSIVE;
				CLANG_WARN_UNREACHABLE_CODE = YES;
				CLANG_WARN__DUPLICATE_METHOD_MATCH = YES;
				CODE_SIGN_IDENTITY = "-";
				COPY_PHASE_STRIP = NO;
				DEBUG_INFORMATION_FORMAT = "dwarf-with-dsym";
				ENABLE_NS_ASSERTIONS = NO;
				ENABLE_STRICT_OBJC_MSGSEND = YES;
				GCC_C_LANGUAGE_STANDARD = gnu11;
				GCC_NO_COMMON_BLOCKS = YES;
				GCC_WARN_64_TO_32_BIT_CONVERSION = YES;
				GCC_WARN_ABOUT_RETURN_TYPE = YES_ERROR;
				GCC_WARN_UNDECLARED_SELECTOR = YES;
				GCC_WARN_UNINITIALIZED_AUTOS = YES_AGGRESSIVE;
				GCC_WARN_UNUSED_FUNCTION = YES;
				GCC_WARN_UNUSED_VARIABLE = YES;
				MACOSX_DEPLOYMENT_TARGET = 10.14;
				MTL_ENABLE_DEBUG_INFO = NO;
				MTL_FAST_MATH = YES;
				SDKROOT = macosx;
				SWIFT_COMPILATION_MODE = wholemodule;
				SWIFT_OPTIMIZATION_LEVEL = "-O";
			};
			name = Release;
		};
		6DA74DD7234456FC0016EA49 /* Debug */ = {
			isa = XCBuildConfiguration;
			buildSettings = {
				CODE_SIGN_STYLE = Automatic;
				PRODUCT_NAME = "$(TARGET_NAME)";
				SWIFT_VERSION = 4.2;
			};
			name = Debug;
		};
		6DA74DD8234456FC0016EA49 /* Release */ = {
			isa = XCBuildConfiguration;
			buildSettings = {
				CODE_SIGN_STYLE = Automatic;
				PRODUCT_NAME = "$(TARGET_NAME)";
				SWIFT_VERSION = 4.2;
			};
			name = Release;
		};
/* End XCBuildConfiguration section */

/* Begin XCConfigurationList section */
		6DA74DCA234456FC0016EA49 /* Build configuration list for PBXProject "unagi" */ = {
			isa = XCConfigurationList;
			buildConfigurations = (
				6DA74DD4234456FC0016EA49 /* Debug */,
				6DA74DD5234456FC0016EA49 /* Release */,
			);
			defaultConfigurationIsVisible = 0;
			defaultConfigurationName = Release;
		};
		6DA74DD6234456FC0016EA49 /* Build configuration list for PBXNativeTarget "unagi" */ = {
			isa = XCConfigurationList;
			buildConfigurations = (
				6DA74DD7234456FC0016EA49 /* Debug */,
				6DA74DD8234456FC0016EA49 /* Release */,
			);
			defaultConfigurationIsVisible = 0;
			defaultConfigurationName = Release;
		};
/* End XCConfigurationList section */
	};
	rootObject = 6DA74DC7234456FC0016EA49 /* Project object */;
}
